
Microsoft Visual Studio Solution File, Format Version 12.00
# Visual Studio Version 17
VisualStudioVersion = 17.8.34316.72
MinimumVisualStudioVersion = 10.0.40219.1
Project("{FAE04EC0-301F-11D3-BF4B-00C04F79EFBC}") = "CodePulse1", "CodePulse1\CodePulse1.csproj", "{995087C8-F2C4-4A19-A63B-2D080D73EE7D}"
EndProject
Global
	GlobalSection(SolutionConfigurationPlatforms) = preSolution
		Debug|Any CPU = Debug|Any CPU
		Release|Any CPU = Release|Any CPU
	EndGlobalSection
	GlobalSection(ProjectConfigurationPlatforms) = postSolution
		{995087C8-F2C4-4A19-A63B-2D080D73EE7D}.Debug|Any CPU.ActiveCfg = Debug|Any CPU
		{995087C8-F2C4-4A19-A63B-2D080D73EE7D}.Debug|Any CPU.Build.0 = Debug|Any CPU
		{995087C8-F2C4-4A19-A63B-2D080D73EE7D}.Release|Any CPU.ActiveCfg = Release|Any CPU
		{995087C8-F2C4-4A19-A63B-2D080D73EE7D}.Release|Any CPU.Build.0 = Release|Any CPU
	EndGlobalSection
	GlobalSection(SolutionProperties) = preSolution
		HideSolutionNode = FALSE
	EndGlobalSection
	GlobalSection(ExtensibilityGlobals) = postSolution
		SolutionGuid = {246E38D4-0174-45A9-936D-D89AC42EEED5}
	EndGlobalSection
EndGlobal
